
Microsoft Visual Studio Solution File, Format Version 12.00
# Visual Studio 2013
VisualStudioVersion = 12.0.21005.1
MinimumVisualStudioVersion = 10.0.40219.1
Project("{FAE04EC0-301F-11D3-BF4B-00C04F79EFBC}") = "NerdBank.OAuth", "NerdBank.OAuth\NerdBank.OAuth.csproj", "{3012DF37-78C8-49A9-8C98-39E60DA9B500}"
EndProject
Project("{2150E333-8FDC-42A3-9474-1A3956D46DE8}") = ".nuget", ".nuget", "{620FC3F1-6240-4FFA-96A4-4F7B0840ADC1}"
	ProjectSection(SolutionItems) = preProject
		.nuget\NuGet.Config = .nuget\NuGet.Config
		.nuget\NuGet.exe = .nuget\NuGet.exe
		.nuget\NuGet.targets = .nuget\NuGet.targets
	EndProjectSection
EndProject
Project("{FAE04EC0-301F-11D3-BF4B-00C04F79EFBC}") = "NerdBank.OAuth.Tests", "NerdBank.OAuth.Tests\NerdBank.OAuth.Tests.csproj", "{EA60507D-799A-4DFC-B779-4D35E8141B91}"
EndProject
Project("{FAE04EC0-301F-11D3-BF4B-00C04F79EFBC}") = "NerdBank.OAuth.WinRT", "NerdBank.OAuth.WinRT\NerdBank.OAuth.WinRT.csproj", "{78271D3E-4197-40B3-AC08-1F8AD0A1F600}"
EndProject
Project("{FAE04EC0-301F-11D3-BF4B-00C04F79EFBC}") = "NerdBank.OAuth.Desktop", "NerdBank.OAuth.Desktop\NerdBank.OAuth.Desktop.csproj", "{F7CB791C-9A69-4771-957B-48CEE7B14B87}"
EndProject
Project("{FAE04EC0-301F-11D3-BF4B-00C04F79EFBC}") = "NerdBank.OAuth.WinPhone8", "NerdBank.OAuth.WinPhone8\NerdBank.OAuth.WinPhone8.csproj", "{0EDEFFCE-604A-4FFB-9E69-08841FACA51C}"
EndProject
Global
	GlobalSection(SolutionConfigurationPlatforms) = preSolution
		Debug|Any CPU = Debug|Any CPU
		Debug|ARM = Debug|ARM
		Debug|x64 = Debug|x64
		Debug|x86 = Debug|x86
		Release|Any CPU = Release|Any CPU
		Release|ARM = Release|ARM
		Release|x64 = Release|x64
		Release|x86 = Release|x86
	EndGlobalSection
	GlobalSection(ProjectConfigurationPlatforms) = postSolution
		{3012DF37-78C8-49A9-8C98-39E60DA9B500}.Debug|Any CPU.ActiveCfg = Debug|Any CPU
		{3012DF37-78C8-49A9-8C98-39E60DA9B500}.Debug|Any CPU.Build.0 = Debug|Any CPU
		{3012DF37-78C8-49A9-8C98-39E60DA9B500}.Debug|ARM.ActiveCfg = Debug|Any CPU
		{3012DF37-78C8-49A9-8C98-39E60DA9B500}.Debug|x64.ActiveCfg = Debug|Any CPU
		{3012DF37-78C8-49A9-8C98-39E60DA9B500}.Debug|x86.ActiveCfg = Debug|Any CPU
		{3012DF37-78C8-49A9-8C98-39E60DA9B500}.Release|Any CPU.ActiveCfg = Release|Any CPU
		{3012DF37-78C8-49A9-8C98-39E60DA9B500}.Release|Any CPU.Build.0 = Release|Any CPU
		{3012DF37-78C8-49A9-8C98-39E60DA9B500}.Release|ARM.ActiveCfg = Release|Any CPU
		{3012DF37-78C8-49A9-8C98-39E60DA9B500}.Release|x64.ActiveCfg = Release|Any CPU
		{3012DF37-78C8-49A9-8C98-39E60DA9B500}.Release|x86.ActiveCfg = Release|Any CPU
		{EA60507D-799A-4DFC-B779-4D35E8141B91}.Debug|Any CPU.ActiveCfg = Debug|Any CPU
		{EA60507D-799A-4DFC-B779-4D35E8141B91}.Debug|Any CPU.Build.0 = Debug|Any CPU
		{EA60507D-799A-4DFC-B779-4D35E8141B91}.Debug|ARM.ActiveCfg = Debug|Any CPU
		{EA60507D-799A-4DFC-B779-4D35E8141B91}.Debug|x64.ActiveCfg = Debug|Any CPU
		{EA60507D-799A-4DFC-B779-4D35E8141B91}.Debug|x86.ActiveCfg = Debug|Any CPU
		{EA60507D-799A-4DFC-B779-4D35E8141B91}.Release|Any CPU.ActiveCfg = Release|Any CPU
		{EA60507D-799A-4DFC-B779-4D35E8141B91}.Release|Any CPU.Build.0 = Release|Any CPU
		{EA60507D-799A-4DFC-B779-4D35E8141B91}.Release|ARM.ActiveCfg = Release|Any CPU
		{EA60507D-799A-4DFC-B779-4D35E8141B91}.Release|x64.ActiveCfg = Release|Any CPU
		{EA60507D-799A-4DFC-B779-4D35E8141B91}.Release|x86.ActiveCfg = Release|Any CPU
		{78271D3E-4197-40B3-AC08-1F8AD0A1F600}.Debug|Any CPU.ActiveCfg = Debug|Any CPU
		{78271D3E-4197-40B3-AC08-1F8AD0A1F600}.Debug|Any CPU.Build.0 = Debug|Any CPU
		{78271D3E-4197-40B3-AC08-1F8AD0A1F600}.Debug|ARM.ActiveCfg = Debug|ARM
		{78271D3E-4197-40B3-AC08-1F8AD0A1F600}.Debug|ARM.Build.0 = Debug|ARM
		{78271D3E-4197-40B3-AC08-1F8AD0A1F600}.Debug|x64.ActiveCfg = Debug|x64
		{78271D3E-4197-40B3-AC08-1F8AD0A1F600}.Debug|x64.Build.0 = Debug|x64
		{78271D3E-4197-40B3-AC08-1F8AD0A1F600}.Debug|x86.ActiveCfg = Debug|x86
		{78271D3E-4197-40B3-AC08-1F8AD0A1F600}.Debug|x86.Build.0 = Debug|x86
		{78271D3E-4197-40B3-AC08-1F8AD0A1F600}.Release|Any CPU.ActiveCfg = Release|Any CPU
		{78271D3E-4197-40B3-AC08-1F8AD0A1F600}.Release|Any CPU.Build.0 = Release|Any CPU
		{78271D3E-4197-40B3-AC08-1F8AD0A1F600}.Release|ARM.ActiveCfg = Release|ARM
		{78271D3E-4197-40B3-AC08-1F8AD0A1F600}.Release|ARM.Build.0 = Release|ARM
		{78271D3E-4197-40B3-AC08-1F8AD0A1F600}.Release|x64.ActiveCfg = Release|x64
		{78271D3E-4197-40B3-AC08-1F8AD0A1F600}.Release|x64.Build.0 = Release|x64
		{78271D3E-4197-40B3-AC08-1F8AD0A1F600}.Release|x86.ActiveCfg = Release|x86
		{78271D3E-4197-40B3-AC08-1F8AD0A1F600}.Release|x86.Build.0 = Release|x86
		{F7CB791C-9A69-4771-957B-48CEE7B14B87}.Debug|Any CPU.ActiveCfg = Debug|Any CPU
		{F7CB791C-9A69-4771-957B-48CEE7B14B87}.Debug|Any CPU.Build.0 = Debug|Any CPU
		{F7CB791C-9A69-4771-957B-48CEE7B14B87}.Debug|ARM.ActiveCfg = Debug|Any CPU
		{F7CB791C-9A69-4771-957B-48CEE7B14B87}.Debug|x64.ActiveCfg = Debug|Any CPU
		{F7CB791C-9A69-4771-957B-48CEE7B14B87}.Debug|x86.ActiveCfg = Debug|Any CPU
		{F7CB791C-9A69-4771-957B-48CEE7B14B87}.Release|Any CPU.ActiveCfg = Release|Any CPU
		{F7CB791C-9A69-4771-957B-48CEE7B14B87}.Release|Any CPU.Build.0 = Release|Any CPU
		{F7CB791C-9A69-4771-957B-48CEE7B14B87}.Release|ARM.ActiveCfg = Release|Any CPU
		{F7CB791C-9A69-4771-957B-48CEE7B14B87}.Release|x64.ActiveCfg = Release|Any CPU
		{F7CB791C-9A69-4771-957B-48CEE7B14B87}.Release|x86.ActiveCfg = Release|Any CPU
		{0EDEFFCE-604A-4FFB-9E69-08841FACA51C}.Debug|Any CPU.ActiveCfg = Debug|Any CPU
		{0EDEFFCE-604A-4FFB-9E69-08841FACA51C}.Debug|Any CPU.Build.0 = Debug|Any CPU
		{0EDEFFCE-604A-4FFB-9E69-08841FACA51C}.Debug|ARM.ActiveCfg = Debug|ARM
		{0EDEFFCE-604A-4FFB-9E69-08841FACA51C}.Debug|ARM.Build.0 = Debug|ARM
		{0EDEFFCE-604A-4FFB-9E69-08841FACA51C}.Debug|x64.ActiveCfg = Debug|Any CPU
		{0EDEFFCE-604A-4FFB-9E69-08841FACA51C}.Debug|x86.ActiveCfg = Debug|x86
		{0EDEFFCE-604A-4FFB-9E69-08841FACA51C}.Debug|x86.Build.0 = Debug|x86
		{0EDEFFCE-604A-4FFB-9E69-08841FACA51C}.Release|Any CPU.ActiveCfg = Release|Any CPU
		{0EDEFFCE-604A-4FFB-9E69-08841FACA51C}.Release|Any CPU.Build.0 = Release|Any CPU
		{0EDEFFCE-604A-4FFB-9E69-08841FACA51C}.Release|ARM.ActiveCfg = Release|ARM
		{0EDEFFCE-604A-4FFB-9E69-08841FACA51C}.Release|ARM.Build.0 = Release|ARM
		{0EDEFFCE-604A-4FFB-9E69-08841FACA51C}.Release|x64.ActiveCfg = Release|Any CPU
		{0EDEFFCE-604A-4FFB-9E69-08841FACA51C}.Release|x86.ActiveCfg = Release|x86
		{0EDEFFCE-604A-4FFB-9E69-08841FACA51C}.Release|x86.Build.0 = Release|x86
	EndGlobalSection
	GlobalSection(SolutionProperties) = preSolution
		HideSolutionNode = FALSE
	EndGlobalSection
EndGlobal
